speakeasyVersion: 1.658.1
sources:
    nest-sdk-go:
        sourceNamespace: go-sdk
        sourceRevisionDigest: sha256:2f86e8dd4eb4cdfa73a0e5da9bac00ec8c897dc762ebad1596def8a8b7c2f730
        sourceBlobDigest: sha256:1aa85f886a1895ad6a2e91143fe9304f0d2a0061310573f9add999f66356b610
        tags:
            - latest
            - speakeasy-sdk-regen-1763078826
            - 0.2.5
targets:
    nest-sdk-go:
        source: nest-sdk-go
        sourceNamespace: go-sdk
        sourceRevisionDigest: sha256:2f86e8dd4eb4cdfa73a0e5da9bac00ec8c897dc762ebad1596def8a8b7c2f730
        sourceBlobDigest: sha256:1aa85f886a1895ad6a2e91143fe9304f0d2a0061310573f9add999f66356b610
        codeSamplesNamespace: go-code-samples
        codeSamplesRevisionDigest: sha256:9ab89d2453f31c9b33ff7e387487de99913e38c880bd04eda4049f8fbab704f4
workflow:
    workflowVersion: 1.0.0
    speakeasyVersion: latest
    sources:
        nest-sdk-go:
            inputs:
                - location: https://nest.owasp.dev/api/v0/openapi.json
            registry:
                location: registry.speakeasyapi.dev/owasp/nest/go-sdk
    targets:
        nest-sdk-go:
            target: go
            source: nest-sdk-go
            output: .
            codeSamples:
                registry:
                    location: registry.speakeasyapi.dev/owasp/nest/go-code-samples
                labelOverride:
                    fixedValue: Go SDK
                blocking: false
