speakeasyVersion: 1.676.1
sources:
    nest-sdk-go:
        sourceNamespace: go-sdk
        sourceRevisionDigest: sha256:b9c6d3e75fd7a0b9609627fed2b28f0e6851274c15ea5cdde1c511898bcecef2
        sourceBlobDigest: sha256:fc3ab247501d2764dedd3c6fab8bd4f58f5066d100b9478f908b475e6f0d0c97
        tags:
            - latest
            - speakeasy-sdk-regen-1765670888
            - 0.3.6
targets:
    nest-sdk-go:
        source: nest-sdk-go
        sourceNamespace: go-sdk
        sourceRevisionDigest: sha256:b9c6d3e75fd7a0b9609627fed2b28f0e6851274c15ea5cdde1c511898bcecef2
        sourceBlobDigest: sha256:fc3ab247501d2764dedd3c6fab8bd4f58f5066d100b9478f908b475e6f0d0c97
        codeSamplesNamespace: go-code-samples
        codeSamplesRevisionDigest: sha256:33f33e4ac59c2ef9beb388bc2e9bafd6cf8d058ba956c27a07bab9e44a081e6e
workflow:
    workflowVersion: 1.0.0
    speakeasyVersion: latest
    sources:
        nest-sdk-go:
            inputs:
                - location: https://nest.owasp.org/api/v0/openapi.json
            registry:
                location: registry.speakeasyapi.dev/owasp/nest/go-sdk
    targets:
        nest-sdk-go:
            target: go
            source: nest-sdk-go
            output: .
            codeSamples:
                registry:
                    location: registry.speakeasyapi.dev/owasp/nest/go-code-samples
                labelOverride:
                    fixedValue: Go SDK
                blocking: false
