speakeasyVersion: 1.680.12
sources:
    nest-sdk-go:
        sourceNamespace: go-sdk
        sourceRevisionDigest: sha256:0ef198dffbbab6439e12f25f1d878f4e8903ee3de3e75e5f865ac8b7f5b6bd93
        sourceBlobDigest: sha256:037cee8cc9925d1da6287c3de73de1a3ef2021b5b24b3b9471e3641854413619
        tags:
            - latest
            - speakeasy-sdk-regen-1767571736
            - 0.3.6
targets:
    nest-sdk-go:
        source: nest-sdk-go
        sourceNamespace: go-sdk
        sourceRevisionDigest: sha256:0ef198dffbbab6439e12f25f1d878f4e8903ee3de3e75e5f865ac8b7f5b6bd93
        sourceBlobDigest: sha256:037cee8cc9925d1da6287c3de73de1a3ef2021b5b24b3b9471e3641854413619
        codeSamplesNamespace: go-code-samples
        codeSamplesRevisionDigest: sha256:292fdca9a2a1b10c94acbd33e8663cd35e27202b6bb3594577c828738b748485
workflow:
    workflowVersion: 1.0.0
    speakeasyVersion: latest
    sources:
        nest-sdk-go:
            inputs:
                - location: https://nest.owasp.org/api/v0/openapi.json
            registry:
                location: registry.speakeasyapi.dev/owasp/nest/go-sdk
    targets:
        nest-sdk-go:
            target: go
            source: nest-sdk-go
            output: .
            codeSamples:
                registry:
                    location: registry.speakeasyapi.dev/owasp/nest/go-code-samples
                labelOverride:
                    fixedValue: Go SDK
                blocking: false
